
Microsoft Visual Studio Solution File, Format Version 12.00
# Visual Studio 14
VisualStudioVersion = 14.0.25123.0
MinimumVisualStudioVersion = 10.0.40219.1
Project("{FAE04EC0-301F-11D3-BF4B-00C04F79EFBC}") = "controlTest", "controlTest\controlTest.csproj", "{A810330C-E4AC-4689-9D93-491C98B939EF}"
EndProject
Global
	GlobalSection(SolutionConfigurationPlatforms) = preSolution
		Debug|Any CPU = Debug|Any CPU
		Release|Any CPU = Release|Any CPU
	EndGlobalSection
	GlobalSection(ProjectConfigurationPlatforms) = postSolution
		{A810330C-E4AC-4689-9D93-491C98B939EF}.Debug|Any CPU.ActiveCfg = Debug|Any CPU
		{A810330C-E4AC-4689-9D93-491C98B939EF}.Debug|Any CPU.Build.0 = Debug|Any CPU
		{A810330C-E4AC-4689-9D93-491C98B939EF}.Release|Any CPU.ActiveCfg = Release|Any CPU
		{A810330C-E4AC-4689-9D93-491C98B939EF}.Release|Any CPU.Build.0 = Release|Any CPU
	EndGlobalSection
	GlobalSection(SolutionProperties) = preSolution
		HideSolutionNode = FALSE
	EndGlobalSection
EndGlobal
