
Microsoft Visual Studio Solution File, Format Version 12.00
# Visual Studio 15
VisualStudioVersion = 15.0.26206.0
MinimumVisualStudioVersion = 10.0.40219.1
Project("{FAE04EC0-301F-11D3-BF4B-00C04F79EFBC}") = "DragAndDropSample", "DragAndDropSample\DragAndDropSample.csproj", "{70DFDA2B-5F5D-47E5-9164-39F1AC6697BF}"
EndProject
Global
	GlobalSection(SolutionConfigurationPlatforms) = preSolution
		Debug|Any CPU = Debug|Any CPU
		Release|Any CPU = Release|Any CPU
	EndGlobalSection
	GlobalSection(ProjectConfigurationPlatforms) = postSolution
		{70DFDA2B-5F5D-47E5-9164-39F1AC6697BF}.Debug|Any CPU.ActiveCfg = Debug|Any CPU
		{70DFDA2B-5F5D-47E5-9164-39F1AC6697BF}.Debug|Any CPU.Build.0 = Debug|Any CPU
		{70DFDA2B-5F5D-47E5-9164-39F1AC6697BF}.Release|Any CPU.ActiveCfg = Release|Any CPU
		{70DFDA2B-5F5D-47E5-9164-39F1AC6697BF}.Release|Any CPU.Build.0 = Release|Any CPU
	EndGlobalSection
	GlobalSection(SolutionProperties) = preSolution
		HideSolutionNode = FALSE
	EndGlobalSection
EndGlobal
